
Microsoft Visual Studio Solution File, Format Version 12.00
# Visual Studio 15
VisualStudioVersion = 15.0.26430.14
MinimumVisualStudioVersion = 10.0.40219.1
Project("{9A19103F-16F7-4668-BE54-9A1E7A4F7556}") = "MeetupTest.Api", "src\MeetupTest.Api\MeetupTest.Api.csproj", "{8EEDC418-0819-4596-B17A-E6D337DD43EF}"
EndProject
Project("{2150E333-8FDC-42A3-9474-1A3956D46DE8}") = "src", "src", "{D85CC81F-3D23-4B84-834A-56E018EDD5D9}"
EndProject
Project("{2150E333-8FDC-42A3-9474-1A3956D46DE8}") = "tests", "tests", "{4FE316F5-7F78-40B1-8A96-D869D870FA18}"
EndProject
Project("{9A19103F-16F7-4668-BE54-9A1E7A4F7556}") = "MeetupTest.Api.Tests", "tests\MeetupTest.Api.Tests\MeetupTest.Api.Tests.csproj", "{55F32DE5-3CED-4887-B743-BCFE59B807B2}"
EndProject
Project("{9A19103F-16F7-4668-BE54-9A1E7A4F7556}") = "MeetupTest.Domain", "src\MeetupTest.Domain\MeetupTest.Domain.csproj", "{3DB13601-F362-49EE-BC7E-629EEB9A3AB3}"
EndProject
Project("{9A19103F-16F7-4668-BE54-9A1E7A4F7556}") = "MeetupTest.Domain.Tests", "tests\MeetupTest.Domain.Tests\MeetupTest.Domain.Tests.csproj", "{3EE38B8D-40B9-4DF1-A594-C994329CA0D0}"
EndProject
Project("{9A19103F-16F7-4668-BE54-9A1E7A4F7556}") = "MeetupTest.Persistence", "src\MeetupTest.Persistence\MeetupTest.Persistence.csproj", "{F6174642-2B49-4B86-B431-9083916A7D97}"
EndProject
Project("{FAE04EC0-301F-11D3-BF4B-00C04F79EFBC}") = "MeetupTest.Persistence.Tests", "tests\MeetupTest.Persistence.Tests\MeetupTest.Persistence.Tests.csproj", "{DC641C05-2FA8-4E45-838E-06C72A865FA1}"
EndProject
Global
	GlobalSection(SolutionConfigurationPlatforms) = preSolution
		Debug|Any CPU = Debug|Any CPU
		Release|Any CPU = Release|Any CPU
	EndGlobalSection
	GlobalSection(ProjectConfigurationPlatforms) = postSolution
		{8EEDC418-0819-4596-B17A-E6D337DD43EF}.Debug|Any CPU.ActiveCfg = Debug|Any CPU
		{8EEDC418-0819-4596-B17A-E6D337DD43EF}.Debug|Any CPU.Build.0 = Debug|Any CPU
		{8EEDC418-0819-4596-B17A-E6D337DD43EF}.Release|Any CPU.ActiveCfg = Release|Any CPU
		{8EEDC418-0819-4596-B17A-E6D337DD43EF}.Release|Any CPU.Build.0 = Release|Any CPU
		{55F32DE5-3CED-4887-B743-BCFE59B807B2}.Debug|Any CPU.ActiveCfg = Debug|Any CPU
		{55F32DE5-3CED-4887-B743-BCFE59B807B2}.Debug|Any CPU.Build.0 = Debug|Any CPU
		{55F32DE5-3CED-4887-B743-BCFE59B807B2}.Release|Any CPU.ActiveCfg = Release|Any CPU
		{55F32DE5-3CED-4887-B743-BCFE59B807B2}.Release|Any CPU.Build.0 = Release|Any CPU
		{3DB13601-F362-49EE-BC7E-629EEB9A3AB3}.Debug|Any CPU.ActiveCfg = Debug|Any CPU
		{3DB13601-F362-49EE-BC7E-629EEB9A3AB3}.Debug|Any CPU.Build.0 = Debug|Any CPU
		{3DB13601-F362-49EE-BC7E-629EEB9A3AB3}.Release|Any CPU.ActiveCfg = Release|Any CPU
		{3DB13601-F362-49EE-BC7E-629EEB9A3AB3}.Release|Any CPU.Build.0 = Release|Any CPU
		{3EE38B8D-40B9-4DF1-A594-C994329CA0D0}.Debug|Any CPU.ActiveCfg = Debug|Any CPU
		{3EE38B8D-40B9-4DF1-A594-C994329CA0D0}.Debug|Any CPU.Build.0 = Debug|Any CPU
		{3EE38B8D-40B9-4DF1-A594-C994329CA0D0}.Release|Any CPU.ActiveCfg = Release|Any CPU
		{3EE38B8D-40B9-4DF1-A594-C994329CA0D0}.Release|Any CPU.Build.0 = Release|Any CPU
		{F6174642-2B49-4B86-B431-9083916A7D97}.Debug|Any CPU.ActiveCfg = Debug|Any CPU
		{F6174642-2B49-4B86-B431-9083916A7D97}.Debug|Any CPU.Build.0 = Debug|Any CPU
		{F6174642-2B49-4B86-B431-9083916A7D97}.Release|Any CPU.ActiveCfg = Release|Any CPU
		{F6174642-2B49-4B86-B431-9083916A7D97}.Release|Any CPU.Build.0 = Release|Any CPU
		{DC641C05-2FA8-4E45-838E-06C72A865FA1}.Debug|Any CPU.ActiveCfg = Debug|Any CPU
		{DC641C05-2FA8-4E45-838E-06C72A865FA1}.Debug|Any CPU.Build.0 = Debug|Any CPU
		{DC641C05-2FA8-4E45-838E-06C72A865FA1}.Release|Any CPU.ActiveCfg = Release|Any CPU
		{DC641C05-2FA8-4E45-838E-06C72A865FA1}.Release|Any CPU.Build.0 = Release|Any CPU
	EndGlobalSection
	GlobalSection(SolutionProperties) = preSolution
		HideSolutionNode = FALSE
	EndGlobalSection
	GlobalSection(NestedProjects) = preSolution
		{8EEDC418-0819-4596-B17A-E6D337DD43EF} = {D85CC81F-3D23-4B84-834A-56E018EDD5D9}
		{55F32DE5-3CED-4887-B743-BCFE59B807B2} = {4FE316F5-7F78-40B1-8A96-D869D870FA18}
		{3DB13601-F362-49EE-BC7E-629EEB9A3AB3} = {D85CC81F-3D23-4B84-834A-56E018EDD5D9}
		{3EE38B8D-40B9-4DF1-A594-C994329CA0D0} = {4FE316F5-7F78-40B1-8A96-D869D870FA18}
		{F6174642-2B49-4B86-B431-9083916A7D97} = {D85CC81F-3D23-4B84-834A-56E018EDD5D9}
		{DC641C05-2FA8-4E45-838E-06C72A865FA1} = {4FE316F5-7F78-40B1-8A96-D869D870FA18}
	EndGlobalSection
EndGlobal
